// !$*UTF8*$!
{
	archiveVersion = 1;
	classes = {
	};
	objectVersion = 50;
	objects = {

/* Begin PBXBuildFile section */
		2D6B4811217B5EF700CC6D09 /* AppDelegate.swift in Sources */ = {isa = PBXBuildFile; fileRef = 2D6B4810217B5EF700CC6D09 /* AppDelegate.swift */; };
		2D6B4813217B5EF700CC6D09 /* ViewController.swift in Sources */ = {isa = PBXBuildFile; fileRef = 2D6B4812217B5EF700CC6D09 /* ViewController.swift */; };
		2D6B4819217B5EF700CC6D09 /* WeAreTheUniverse.xcdatamodeld in Sources */ = {isa = PBXBuildFile; fileRef = 2D6B4817217B5EF700CC6D09 /* WeAreTheUniverse.xcdatamodeld */; };
		2D6B481B217B5EF800CC6D09 /* Assets.xcassets in Resources */ = {isa = PBXBuildFile; fileRef = 2D6B481A217B5EF800CC6D09 /* Assets.xcassets */; };
		2D6B4829217B5EF800CC6D09 /* WeAreTheUniverseTests.swift in Sources */ = {isa = PBXBuildFile; fileRef = 2D6B4828217B5EF800CC6D09 /* WeAreTheUniverseTests.swift */; };
		2D6B4834217B5EF800CC6D09 /* WeAreTheUniverseUITests.swift in Sources */ = {isa = PBXBuildFile; fileRef = 2D6B4833217B5EF800CC6D09 /* WeAreTheUniverseUITests.swift */; };
		2D6B4845217B689B00CC6D09 /* MainView.swift in Sources */ = {isa = PBXBuildFile; fileRef = 2D6B4844217B689B00CC6D09 /* MainView.swift */; };
		2D6B4847217B989500CC6D09 /* SplashScreen.swift in Sources */ = {isa = PBXBuildFile; fileRef = 2D6B4846217B989500CC6D09 /* SplashScreen.swift */; };
/* End PBXBuildFile section */

/* Begin PBXContainerItemProxy section */
		2D6B4825217B5EF800CC6D09 /* PBXContainerItemProxy */ = {
			isa = PBXContainerItemProxy;
			containerPortal = 2D6B4805217B5EF700CC6D09 /* Project object */;
			proxyType = 1;
			remoteGlobalIDString = 2D6B480C217B5EF700CC6D09;
			remoteInfo = WeAreTheUniverse;
		};
		2D6B4830217B5EF800CC6D09 /* PBXContainerItemProxy */ = {
			isa = PBXContainerItemProxy;
			containerPortal = 2D6B4805217B5EF700CC6D09 /* Project object */;
			proxyType = 1;
			remoteGlobalIDString = 2D6B480C217B5EF700CC6D09;
			remoteInfo = WeAreTheUniverse;
		};
/* End PBXContainerItemProxy section */

/* Begin PBXFileReference section */
		2D6B480D217B5EF700CC6D09 /* WeAreTheUniverse.app */ = {isa = PBXFileReference; explicitFileType = wrapper.application; includeInIndex = 0; path = WeAreTheUniverse.app; sourceTree = BUILT_PRODUCTS_DIR; };
		2D6B4810217B5EF700CC6D09 /* AppDelegate.swift */ = {isa = PBXFileReference; lastKnownFileType = sourcecode.swift; path = AppDelegate.swift; sourceTree = "<group>"; };
		2D6B4812217B5EF700CC6D09 /* ViewController.swift */ = {isa = PBXFileReference; lastKnownFileType = sourcecode.swift; path = ViewController.swift; sourceTree = "<group>"; };
		2D6B4818217B5EF700CC6D09 /* WeAreTheUniverse.xcdatamodel */ = {isa = PBXFileReference; lastKnownFileType = wrapper.xcdatamodel; path = WeAreTheUniverse.xcdatamodel; sourceTree = "<group>"; };
		2D6B481A217B5EF800CC6D09 /* Assets.xcassets */ = {isa = PBXFileReference; lastKnownFileType = folder.assetcatalog; path = Assets.xcassets; sourceTree = "<group>"; };
		2D6B481F217B5EF800CC6D09 /* Info.plist */ = {isa = PBXFileReference; lastKnownFileType = text.plist.xml; path = Info.plist; sourceTree = "<group>"; };
		2D6B4824217B5EF800CC6D09 /* WeAreTheUniverseTests.xctest */ = {isa = PBXFileReference; explicitFileType = wrapper.cfbundle; includeInIndex = 0; path = WeAreTheUniverseTests.xctest; sourceTree = BUILT_PRODUCTS_DIR; };
		2D6B4828217B5EF800CC6D09 /* WeAreTheUniverseTests.swift */ = {isa = PBXFileReference; lastKnownFileType = sourcecode.swift; path = WeAreTheUniverseTests.swift; sourceTree = "<group>"; };
		2D6B482A217B5EF800CC6D09 /* Info.plist */ = {isa = PBXFileReference; lastKnownFileType = text.plist.xml; path = Info.plist; sourceTree = "<group>"; };
		2D6B482F217B5EF800CC6D09 /* WeAreTheUniverseUITests.xctest */ = {isa = PBXFileReference; explicitFileType = wrapper.cfbundle; includeInIndex = 0; path = WeAreTheUniverseUITests.xctest; sourceTree = BUILT_PRODUCTS_DIR; };
		2D6B4833217B5EF800CC6D09 /* WeAreTheUniverseUITests.swift */ = {isa = PBXFileReference; lastKnownFileType = sourcecode.swift; path = WeAreTheUniverseUITests.swift; sourceTree = "<group>"; };
		2D6B4835217B5EF800CC6D09 /* Info.plist */ = {isa = PBXFileReference; lastKnownFileType = text.plist.xml; path = Info.plist; sourceTree = "<group>"; };
		2D6B4844217B689B00CC6D09 /* MainView.swift */ = {isa = PBXFileReference; lastKnownFileType = sourcecode.swift; path = MainView.swift; sourceTree = "<group>"; };
		2D6B4846217B989500CC6D09 /* SplashScreen.swift */ = {isa = PBXFileReference; lastKnownFileType = sourcecode.swift; path = SplashScreen.swift; sourceTree = "<group>"; };
/* End PBXFileReference section */

/* Begin PBXFrameworksBuildPhase section */
		2D6B480A217B5EF700CC6D09 /* Frameworks */ = {
			isa = PBXFrameworksBuildPhase;
			buildActionMask = 2147483647;
			files = (
			);
			runOnlyForDeploymentPostprocessing = 0;
		};
		2D6B4821217B5EF800CC6D09 /* Frameworks */ = {
			isa = PBXFrameworksBuildPhase;
			buildActionMask = 2147483647;
			files = (
			);
			runOnlyForDeploymentPostprocessing = 0;
		};
		2D6B482C217B5EF800CC6D09 /* Frameworks */ = {
			isa = PBXFrameworksBuildPhase;
			buildActionMask = 2147483647;
			files = (
			);
			runOnlyForDeploymentPostprocessing = 0;
		};
/* End PBXFrameworksBuildPhase section */

/* Begin PBXGroup section */
		2D6B4804217B5EF700CC6D09 = {
			isa = PBXGroup;
			children = (
				2D6B480F217B5EF700CC6D09 /* WeAreTheUniverse */,
				2D6B4827217B5EF800CC6D09 /* WeAreTheUniverseTests */,
				2D6B4832217B5EF800CC6D09 /* WeAreTheUniverseUITests */,
				2D6B480E217B5EF700CC6D09 /* Products */,
			);
			sourceTree = "<group>";
		};
		2D6B480E217B5EF700CC6D09 /* Products */ = {
			isa = PBXGroup;
			children = (
				2D6B480D217B5EF700CC6D09 /* WeAreTheUniverse.app */,
				2D6B4824217B5EF800CC6D09 /* WeAreTheUniverseTests.xctest */,
				2D6B482F217B5EF800CC6D09 /* WeAreTheUniverseUITests.xctest */,
			);
			name = Products;
			sourceTree = "<group>";
		};
		2D6B480F217B5EF700CC6D09 /* WeAreTheUniverse */ = {
			isa = PBXGroup;
			children = (
				2D6B4843217B686D00CC6D09 /* Model */,
				2D6B4842217B685300CC6D09 /* Controller */,
				2D6B4841217B684900CC6D09 /* View */,
				2D6B4810217B5EF700CC6D09 /* AppDelegate.swift */,
				2D6B481A217B5EF800CC6D09 /* Assets.xcassets */,
				2D6B481F217B5EF800CC6D09 /* Info.plist */,
				2D6B4817217B5EF700CC6D09 /* WeAreTheUniverse.xcdatamodeld */,
			);
			path = WeAreTheUniverse;
			sourceTree = "<group>";
		};
		2D6B4827217B5EF800CC6D09 /* WeAreTheUniverseTests */ = {
			isa = PBXGroup;
			children = (
				2D6B4828217B5EF800CC6D09 /* WeAreTheUniverseTests.swift */,
				2D6B482A217B5EF800CC6D09 /* Info.plist */,
			);
			path = WeAreTheUniverseTests;
			sourceTree = "<group>";
		};
		2D6B4832217B5EF800CC6D09 /* WeAreTheUniverseUITests */ = {
			isa = PBXGroup;
			children = (
				2D6B4833217B5EF800CC6D09 /* WeAreTheUniverseUITests.swift */,
				2D6B4835217B5EF800CC6D09 /* Info.plist */,
			);
			path = WeAreTheUniverseUITests;
			sourceTree = "<group>";
		};
		2D6B4841217B684900CC6D09 /* View */ = {
			isa = PBXGroup;
			children = (
				2D6B4844217B689B00CC6D09 /* MainView.swift */,
			);
			path = View;
			sourceTree = "<group>";
		};
		2D6B4842217B685300CC6D09 /* Controller */ = {
			isa = PBXGroup;
			children = (
				2D6B4846217B989500CC6D09 /* SplashScreen.swift */,
				2D6B4812217B5EF700CC6D09 /* ViewController.swift */,
			);
			path = Controller;
			sourceTree = "<group>";
		};
		2D6B4843217B686D00CC6D09 /* Model */ = {
			isa = PBXGroup;
			children = (
			);
			path = Model;
			sourceTree = "<group>";
		};
/* End PBXGroup section */

/* Begin PBXNativeTarget section */
		2D6B480C217B5EF700CC6D09 /* WeAreTheUniverse */ = {
			isa = PBXNativeTarget;
			buildConfigurationList = 2D6B4838217B5EF800CC6D09 /* Build configuration list for PBXNativeTarget "WeAreTheUniverse" */;
			buildPhases = (
				2D6B4809217B5EF700CC6D09 /* Sources */,
				2D6B480A217B5EF700CC6D09 /* Frameworks */,
				2D6B480B217B5EF700CC6D09 /* Resources */,
			);
			buildRules = (
			);
			dependencies = (
			);
			name = WeAreTheUniverse;
			productName = WeAreTheUniverse;
			productReference = 2D6B480D217B5EF700CC6D09 /* WeAreTheUniverse.app */;
			productType = "com.apple.product-type.application";
		};
		2D6B4823217B5EF800CC6D09 /* WeAreTheUniverseTests */ = {
			isa = PBXNativeTarget;
			buildConfigurationList = 2D6B483B217B5EF800CC6D09 /* Build configuration list for PBXNativeTarget "WeAreTheUniverseTests" */;
			buildPhases = (
				2D6B4820217B5EF800CC6D09 /* Sources */,
				2D6B4821217B5EF800CC6D09 /* Frameworks */,
				2D6B4822217B5EF800CC6D09 /* Resources */,
			);
			buildRules = (
			);
			dependencies = (
				2D6B4826217B5EF800CC6D09 /* PBXTargetDependency */,
			);
			name = WeAreTheUniverseTests;
			productName = WeAreTheUniverseTests;
			productReference = 2D6B4824217B5EF800CC6D09 /* WeAreTheUniverseTests.xctest */;
			productType = "com.apple.product-type.bundle.unit-test";
		};
		2D6B482E217B5EF800CC6D09 /* WeAreTheUniverseUITests */ = {
			isa = PBXNativeTarget;
			buildConfigurationList = 2D6B483E217B5EF800CC6D09 /* Build configuration list for PBXNativeTarget "WeAreTheUniverseUITests" */;
			buildPhases = (
				2D6B482B217B5EF800CC6D09 /* Sources */,
				2D6B482C217B5EF800CC6D09 /* Frameworks */,
				2D6B482D217B5EF800CC6D09 /* Resources */,
			);
			buildRules = (
			);
			dependencies = (
				2D6B4831217B5EF800CC6D09 /* PBXTargetDependency */,
			);
			name = WeAreTheUniverseUITests;
			productName = WeAreTheUniverseUITests;
			productReference = 2D6B482F217B5EF800CC6D09 /* WeAreTheUniverseUITests.xctest */;
			productType = "com.apple.product-type.bundle.ui-testing";
		};
/* End PBXNativeTarget section */

/* Begin PBXProject section */
		2D6B4805217B5EF700CC6D09 /* Project object */ = {
			isa = PBXProject;
			attributes = {
				LastSwiftUpdateCheck = 1000;
				LastUpgradeCheck = 1000;
				ORGANIZATIONNAME = Waev;
				TargetAttributes = {
					2D6B480C217B5EF700CC6D09 = {
						CreatedOnToolsVersion = 10.0;
					};
					2D6B4823217B5EF800CC6D09 = {
						CreatedOnToolsVersion = 10.0;
						TestTargetID = 2D6B480C217B5EF700CC6D09;
					};
					2D6B482E217B5EF800CC6D09 = {
						CreatedOnToolsVersion = 10.0;
						TestTargetID = 2D6B480C217B5EF700CC6D09;
					};
				};
			};
			buildConfigurationList = 2D6B4808217B5EF700CC6D09 /* Build configuration list for PBXProject "WeAreTheUniverse" */;
			compatibilityVersion = "Xcode 9.3";
			developmentRegion = en;
			hasScannedForEncodings = 0;
			knownRegions = (
				en,
				Base,
			);
			mainGroup = 2D6B4804217B5EF700CC6D09;
			productRefGroup = 2D6B480E217B5EF700CC6D09 /* Products */;
			projectDirPath = "";
			projectRoot = "";
			targets = (
				2D6B480C217B5EF700CC6D09 /* WeAreTheUniverse */,
				2D6B4823217B5EF800CC6D09 /* WeAreTheUniverseTests */,
				2D6B482E217B5EF800CC6D09 /* WeAreTheUniverseUITests */,
			);
		};
/* End PBXProject section */

/* Begin PBXResourcesBuildPhase section */
		2D6B480B217B5EF700CC6D09 /* Resources */ = {
			isa = PBXResourcesBuildPhase;
			buildActionMask = 2147483647;
			files = (
				2D6B481B217B5EF800CC6D09 /* Assets.xcassets in Resources */,
			);
			runOnlyForDeploymentPostprocessing = 0;
		};
		2D6B4822217B5EF800CC6D09 /* Resources */ = {
			isa = PBXResourcesBuildPhase;
			buildActionMask = 2147483647;
			files = (
			);
			runOnlyForDeploymentPostprocessing = 0;
		};
		2D6B482D217B5EF800CC6D09 /* Resources */ = {
			isa = PBXResourcesBuildPhase;
			buildActionMask = 2147483647;
			files = (
			);
			runOnlyForDeploymentPostprocessing = 0;
		};
/* End PBXResourcesBuildPhase section */

/* Begin PBXSourcesBuildPhase section */
		2D6B4809217B5EF700CC6D09 /* Sources */ = {
			isa = PBXSourcesBuildPhase;
			buildActionMask = 2147483647;
			files = (
				2D6B4847217B989500CC6D09 /* SplashScreen.swift in Sources */,
				2D6B4813217B5EF700CC6D09 /* ViewController.swift in Sources */,
				2D6B4845217B689B00CC6D09 /* MainView.swift in Sources */,
				2D6B4811217B5EF700CC6D09 /* AppDelegate.swift in Sources */,
				2D6B4819217B5EF700CC6D09 /* WeAreTheUniverse.xcdatamodeld in Sources */,
			);
			runOnlyForDeploymentPostprocessing = 0;
		};
		2D6B4820217B5EF800CC6D09 /* Sources */ = {
			isa = PBXSourcesBuildPhase;
			buildActionMask = 2147483647;
			files = (
				2D6B4829217B5EF800CC6D09 /* WeAreTheUniverseTests.swift in Sources */,
			);
			runOnlyForDeploymentPostprocessing = 0;
		};
		2D6B482B217B5EF800CC6D09 /* Sources */ = {
			isa = PBXSourcesBuildPhase;
			buildActionMask = 2147483647;
			files = (
				2D6B4834217B5EF800CC6D09 /* WeAreTheUniverseUITests.swift in Sources */,
			);
			runOnlyForDeploymentPostprocessing = 0;
		};
/* End PBXSourcesBuildPhase section */

/* Begin PBXTargetDependency section */
		2D6B4826217B5EF800CC6D09 /* PBXTargetDependency */ = {
			isa = PBXTargetDependency;
			target = 2D6B480C217B5EF700CC6D09 /* WeAreTheUniverse */;
			targetProxy = 2D6B4825217B5EF800CC6D09 /* PBXContainerItemProxy */;
		};
		2D6B4831217B5EF800CC6D09 /* PBXTargetDependency */ = {
			isa = PBXTargetDependency;
			target = 2D6B480C217B5EF700CC6D09 /* WeAreTheUniverse */;
			targetProxy = 2D6B4830217B5EF800CC6D09 /* PBXContainerItemProxy */;
		};
/* End PBXTargetDependency section */

/* Begin XCBuildConfiguration section */
		2D6B4836217B5EF800CC6D09 /* Debug */ = {
			isa = XCBuildConfiguration;
			buildSettings = {
				ALWAYS_SEARCH_USER_PATHS = NO;
				CLANG_ANALYZER_NONNULL = YES;
				CLANG_ANALYZER_NUMBER_OBJECT_CONVERSION = YES_AGGRESSIVE;
				CLANG_CXX_LANGUAGE_STANDARD = "gnu++14";
				CLANG_CXX_LIBRARY = "libc++";
				CLANG_ENABLE_MODULES = YES;
				CLANG_ENABLE_OBJC_ARC = YES;
				CLANG_ENABLE_OBJC_WEAK = YES;
				CLANG_WARN_BLOCK_CAPTURE_AUTORELEASING = YES;
				CLANG_WARN_BOOL_CONVERSION = YES;
				CLANG_WARN_COMMA = YES;
				CLANG_WARN_CONSTANT_CONVERSION = YES;
				CLANG_WARN_DEPRECATED_OBJC_IMPLEMENTATIONS = YES;
				CLANG_WARN_DIRECT_OBJC_ISA_USAGE = YES_ERROR;
				CLANG_WARN_DOCUMENTATION_COMMENTS = YES;
				CLANG_WARN_EMPTY_BODY = YES;
				CLANG_WARN_ENUM_CONVERSION = YES;
				CLANG_WARN_INFINITE_RECURSION = YES;
				CLANG_WARN_INT_CONVERSION = YES;
				CLANG_WARN_NON_LITERAL_NULL_CONVERSION = YES;
				CLANG_WARN_OBJC_IMPLICIT_RETAIN_SELF = YES;
				CLANG_WARN_OBJC_LITERAL_CONVERSION = YES;
				CLANG_WARN_OBJC_ROOT_CLASS = YES_ERROR;
				CLANG_WARN_RANGE_LOOP_ANALYSIS = YES;
				CLANG_WARN_STRICT_PROTOTYPES = YES;
				CLANG_WARN_SUSPICIOUS_MOVE = YES;
				CLANG_WARN_UNGUARDED_AVAILABILITY = YES_AGGRESSIVE;
				CLANG_WARN_UNREACHABLE_CODE = YES;
				CLANG_WARN__DUPLICATE_METHOD_MATCH = YES;
				CODE_SIGN_IDENTITY = "iPhone Developer";
				COPY_PHASE_STRIP = NO;
				DEBUG_INFORMATION_FORMAT = dwarf;
				ENABLE_STRICT_OBJC_MSGSEND = YES;
				ENABLE_TESTABILITY = YES;
				GCC_C_LANGUAGE_STANDARD = gnu11;
				GCC_DYNAMIC_NO_PIC = NO;
				GCC_NO_COMMON_BLOCKS = YES;
				GCC_OPTIMIZATION_LEVEL = 0;
				GCC_PREPROCESSOR_DEFINITIONS = (
					"DEBUG=1",
					"$(inherited)",
				);
				GCC_WARN_64_TO_32_BIT_CONVERSION = YES;
				GCC_WARN_ABOUT_RETURN_TYPE = YES_ERROR;
				GCC_WARN_UNDECLARED_SELECTOR = YES;
				GCC_WARN_UNINITIALIZED_AUTOS = YES_AGGRESSIVE;
				GCC_WARN_UNUSED_FUNCTION = YES;
				GCC_WARN_UNUSED_VARIABLE = YES;
				IPHONEOS_DEPLOYMENT_TARGET = 12.0;
				MTL_ENABLE_DEBUG_INFO = INCLUDE_SOURCE;
				MTL_FAST_MATH = YES;
				ONLY_ACTIVE_ARCH = YES;
				SDKROOT = iphoneos;
				SWIFT_ACTIVE_COMPILATION_CONDITIONS = DEBUG;
				SWIFT_OPTIMIZATION_LEVEL = "-Onone";
			};
			name = Debug;
		};
		2D6B4837217B5EF800CC6D09 /* Release */ = {
			isa = XCBuildConfiguration;
			buildSettings = {
				ALWAYS_SEARCH_USER_PATHS = NO;
				CLANG_ANALYZER_NONNULL = YES;
				CLANG_ANALYZER_NUMBER_OBJECT_CONVERSION = YES_AGGRESSIVE;
				CLANG_CXX_LANGUAGE_STANDARD = "gnu++14";
				CLANG_CXX_LIBRARY = "libc++";
				CLANG_ENABLE_MODULES = YES;
				CLANG_ENABLE_OBJC_ARC = YES;
				CLANG_ENABLE_OBJC_WEAK = YES;
				CLANG_WARN_BLOCK_CAPTURE_AUTORELEASING = YES;
				CLANG_WARN_BOOL_CONVERSION = YES;
				CLANG_WARN_COMMA = YES;
				CLANG_WARN_CONSTANT_CONVERSION = YES;
				CLANG_WARN_DEPRECATED_OBJC_IMPLEMENTATIONS = YES;
				CLANG_WARN_DIRECT_OBJC_ISA_USAGE = YES_ERROR;
				CLANG_WARN_DOCUMENTATION_COMMENTS = YES;
				CLANG_WARN_EMPTY_BODY = YES;
				CLANG_WARN_ENUM_CONVERSION = YES;
				CLANG_WARN_INFINITE_RECURSION = YES;
				CLANG_WARN_INT_CONVERSION = YES;
				CLANG_WARN_NON_LITERAL_NULL_CONVERSION = YES;
				CLANG_WARN_OBJC_IMPLICIT_RETAIN_SELF = YES;
				CLANG_WARN_OBJC_LITERAL_CONVERSION = YES;
				CLANG_WARN_OBJC_ROOT_CLASS = YES_ERROR;
				CLANG_WARN_RANGE_LOOP_ANALYSIS = YES;
				CLANG_WARN_STRICT_PROTOTYPES = YES;
				CLANG_WARN_SUSPICIOUS_MOVE = YES;
				CLANG_WARN_UNGUARDED_AVAILABILITY = YES_AGGRESSIVE;
				CLANG_WARN_UNREACHABLE_CODE = YES;
				CLANG_WARN__DUPLICATE_METHOD_MATCH = YES;
				CODE_SIGN_IDENTITY = "iPhone Developer";
				COPY_PHASE_STRIP = NO;
				DEBUG_INFORMATION_FORMAT = "dwarf-with-dsym";
				ENABLE_NS_ASSERTIONS = NO;
				ENABLE_STRICT_OBJC_MSGSEND = YES;
				GCC_C_LANGUAGE_STANDARD = gnu11;
				GCC_NO_COMMON_BLOCKS = YES;
				GCC_WARN_64_TO_32_BIT_CONVERSION = YES;
				GCC_WARN_ABOUT_RETURN_TYPE = YES_ERROR;
				GCC_WARN_UNDECLARED_SELECTOR = YES;
				GCC_WARN_UNINITIALIZED_AUTOS = YES_AGGRESSIVE;
				GCC_WARN_UNUSED_FUNCTION = YES;
				GCC_WARN_UNUSED_VARIABLE = YES;
				IPHONEOS_DEPLOYMENT_TARGET = 12.0;
				MTL_ENABLE_DEBUG_INFO = NO;
				MTL_FAST_MATH = YES;
				SDKROOT = iphoneos;
				SWIFT_COMPILATION_MODE = wholemodule;
				SWIFT_OPTIMIZATION_LEVEL = "-O";
				VALIDATE_PRODUCT = YES;
			};
			name = Release;
		};
		2D6B4839217B5EF800CC6D09 /* Debug */ = {
			isa = XCBuildConfiguration;
			buildSettings = {
				ASSETCATALOG_COMPILER_APPICON_NAME = AppIcon;
				CODE_SIGN_STYLE = Automatic;
				DEVELOPMENT_TEAM = CLZ838BCHK;
				INFOPLIST_FILE = WeAreTheUniverse/Info.plist;
				LD_RUNPATH_SEARCH_PATHS = (
					"$(inherited)",
					"@executable_path/Frameworks",
				);
				PRODUCT_BUNDLE_IDENTIFIER = com.Waev.WeAreTheUniverse;
				PRODUCT_NAME = "$(TARGET_NAME)";
				SWIFT_VERSION = 4.2;
				TARGETED_DEVICE_FAMILY = "1,2";
			};
			name = Debug;
		};
		2D6B483A217B5EF800CC6D09 /* Release */ = {
			isa = XCBuildConfiguration;
			buildSettings = {
				ASSETCATALOG_COMPILER_APPICON_NAME = AppIcon;
				CODE_SIGN_STYLE = Automatic;
				DEVELOPMENT_TEAM = CLZ838BCHK;
				INFOPLIST_FILE = WeAreTheUniverse/Info.plist;
				LD_RUNPATH_SEARCH_PATHS = (
					"$(inherited)",
					"@executable_path/Frameworks",
				);
				PRODUCT_BUNDLE_IDENTIFIER = com.Waev.WeAreTheUniverse;
				PRODUCT_NAME = "$(TARGET_NAME)";
				SWIFT_VERSION = 4.2;
				TARGETED_DEVICE_FAMILY = "1,2";
			};
			name = Release;
		};
		2D6B483C217B5EF800CC6D09 /* Debug */ = {
			isa = XCBuildConfiguration;
			buildSettings = {
				ALWAYS_EMBED_SWIFT_STANDARD_LIBRARIES = YES;
				BUNDLE_LOADER = "$(TEST_HOST)";
				CODE_SIGN_STYLE = Automatic;
				INFOPLIST_FILE = WeAreTheUniverseTests/Info.plist;
				LD_RUNPATH_SEARCH_PATHS = (
					"$(inherited)",
					"@executable_path/Frameworks",
					"@loader_path/Frameworks",
				);
				PRODUCT_BUNDLE_IDENTIFIER = com.Waev.WeAreTheUniverseTests;
				PRODUCT_NAME = "$(TARGET_NAME)";
				SWIFT_VERSION = 4.2;
				TARGETED_DEVICE_FAMILY = "1,2";
				TEST_HOST = "$(BUILT_PRODUCTS_DIR)/WeAreTheUniverse.app/WeAreTheUniverse";
			};
			name = Debug;
		};
		2D6B483D217B5EF800CC6D09 /* Release */ = {
			isa = XCBuildConfiguration;
			buildSettings = {
				ALWAYS_EMBED_SWIFT_STANDARD_LIBRARIES = YES;
				BUNDLE_LOADER = "$(TEST_HOST)";
				CODE_SIGN_STYLE = Automatic;
				INFOPLIST_FILE = WeAreTheUniverseTests/Info.plist;
				LD_RUNPATH_SEARCH_PATHS = (
					"$(inherited)",
					"@executable_path/Frameworks",
					"@loader_path/Frameworks",
				);
				PRODUCT_BUNDLE_IDENTIFIER = com.Waev.WeAreTheUniverseTests;
				PRODUCT_NAME = "$(TARGET_NAME)";
				SWIFT_VERSION = 4.2;
				TARGETED_DEVICE_FAMILY = "1,2";
				TEST_HOST = "$(BUILT_PRODUCTS_DIR)/WeAreTheUniverse.app/WeAreTheUniverse";
			};
			name = Release;
		};
		2D6B483F217B5EF800CC6D09 /* Debug */ = {
			isa = XCBuildConfiguration;
			buildSettings = {
				ALWAYS_EMBED_SWIFT_STANDARD_LIBRARIES = YES;
				CODE_SIGN_STYLE = Automatic;
				INFOPLIST_FILE = WeAreTheUniverseUITests/Info.plist;
				LD_RUNPATH_SEARCH_PATHS = (
					"$(inherited)",
					"@executable_path/Frameworks",
					"@loader_path/Frameworks",
				);
				PRODUCT_BUNDLE_IDENTIFIER = com.Waev.WeAreTheUniverseUITests;
				PRODUCT_NAME = "$(TARGET_NAME)";
				SWIFT_VERSION = 4.2;
				TARGETED_DEVICE_FAMILY = "1,2";
				TEST_TARGET_NAME = WeAreTheUniverse;
			};
			name = Debug;
		};
		2D6B4840217B5EF800CC6D09 /* Release */ = {
			isa = XCBuildConfiguration;
			buildSettings = {
				ALWAYS_EMBED_SWIFT_STANDARD_LIBRARIES = YES;
				CODE_SIGN_STYLE = Automatic;
				INFOPLIST_FILE = WeAreTheUniverseUITests/Info.plist;
				LD_RUNPATH_SEARCH_PATHS = (
					"$(inherited)",
					"@executable_path/Frameworks",
					"@loader_path/Frameworks",
				);
				PRODUCT_BUNDLE_IDENTIFIER = com.Waev.WeAreTheUniverseUITests;
				PRODUCT_NAME = "$(TARGET_NAME)";
				SWIFT_VERSION = 4.2;
				TARGETED_DEVICE_FAMILY = "1,2";
				TEST_TARGET_NAME = WeAreTheUniverse;
			};
			name = Release;
		};
/* End XCBuildConfiguration section */

/* Begin XCConfigurationList section */
		2D6B4808217B5EF700CC6D09 /* Build configuration list for PBXProject "WeAreTheUniverse" */ = {
			isa = XCConfigurationList;
			buildConfigurations = (
				2D6B4836217B5EF800CC6D09 /* Debug */,
				2D6B4837217B5EF800CC6D09 /* Release */,
			);
			defaultConfigurationIsVisible = 0;
			defaultConfigurationName = Release;
		};
		2D6B4838217B5EF800CC6D09 /* Build configuration list for PBXNativeTarget "WeAreTheUniverse" */ = {
			isa = XCConfigurationList;
			buildConfigurations = (
				2D6B4839217B5EF800CC6D09 /* Debug */,
				2D6B483A217B5EF800CC6D09 /* Release */,
			);
			defaultConfigurationIsVisible = 0;
			defaultConfigurationName = Release;
		};
		2D6B483B217B5EF800CC6D09 /* Build configuration list for PBXNativeTarget "WeAreTheUniverseTests" */ = {
			isa = XCConfigurationList;
			buildConfigurations = (
				2D6B483C217B5EF800CC6D09 /* Debug */,
				2D6B483D217B5EF800CC6D09 /* Release */,
			);
			defaultConfigurationIsVisible = 0;
			defaultConfigurationName = Release;
		};
		2D6B483E217B5EF800CC6D09 /* Build configuration list for PBXNativeTarget "WeAreTheUniverseUITests" */ = {
			isa = XCConfigurationList;
			buildConfigurations = (
				2D6B483F217B5EF800CC6D09 /* Debug */,
				2D6B4840217B5EF800CC6D09 /* Release */,
			);
			defaultConfigurationIsVisible = 0;
			defaultConfigurationName = Release;
		};
/* End XCConfigurationList section */

/* Begin XCVersionGroup section */
		2D6B4817217B5EF700CC6D09 /* WeAreTheUniverse.xcdatamodeld */ = {
			isa = XCVersionGroup;
			children = (
				2D6B4818217B5EF700CC6D09 /* WeAreTheUniverse.xcdatamodel */,
			);
			currentVersion = 2D6B4818217B5EF700CC6D09 /* WeAreTheUniverse.xcdatamodel */;
			path = WeAreTheUniverse.xcdatamodeld;
			sourceTree = "<group>";
			versionGroupType = wrapper.xcdatamodel;
		};
/* End XCVersionGroup section */
	};
	rootObject = 2D6B4805217B5EF700CC6D09 /* Project object */;
}
